
Microsoft Visual Studio Solution File, Format Version 12.00
# Visual Studio 15
VisualStudioVersion = 15.0.27428.2015
MinimumVisualStudioVersion = 10.0.40219.1
Project("{FAE04EC0-301F-11D3-BF4B-00C04F79EFBC}") = "Calculator", "Calculator\Calculator.csproj", "{7FC5965F-7F49-44A4-963B-8D3AA8DBB6F8}"
EndProject
Global
	GlobalSection(SolutionConfigurationPlatforms) = preSolution
		Debug|Any CPU = Debug|Any CPU
		Release|Any CPU = Release|Any CPU
	EndGlobalSection
	GlobalSection(ProjectConfigurationPlatforms) = postSolution
		{7FC5965F-7F49-44A4-963B-8D3AA8DBB6F8}.Debug|Any CPU.ActiveCfg = Debug|Any CPU
		{7FC5965F-7F49-44A4-963B-8D3AA8DBB6F8}.Debug|Any CPU.Build.0 = Debug|Any CPU
		{7FC5965F-7F49-44A4-963B-8D3AA8DBB6F8}.Release|Any CPU.ActiveCfg = Release|Any CPU
		{7FC5965F-7F49-44A4-963B-8D3AA8DBB6F8}.Release|Any CPU.Build.0 = Release|Any CPU
	EndGlobalSection
	GlobalSection(SolutionProperties) = preSolution
		HideSolutionNode = FALSE
	EndGlobalSection
	GlobalSection(ExtensibilityGlobals) = postSolution
		SolutionGuid = {EA1AD030-2300-4CDE-81DB-777B70958570}
	EndGlobalSection
EndGlobal
